
Microsoft Visual Studio Solution File, Format Version 12.00
# Visual Studio Version 17
VisualStudioVersion = 17.0.31903.59
MinimumVisualStudioVersion = 10.0.40219.1
Project("{2150E333-8FDC-42A3-9474-1A3956D46DE8}") = "src", "src", "{827E0CD3-B72D-47B6-A68D-7590B98EB39B}"
EndProject
Project("{FAE04EC0-301F-11D3-BF4B-00C04F79EFBC}") = "LearningBank.Domain", "src\LearningBank.Domain\LearningBank.Domain.csproj", "{7BDC2AB0-0A1F-4A64-8CCA-90E05F774757}"
EndProject
Project("{FAE04EC0-301F-11D3-BF4B-00C04F79EFBC}") = "LearningBank.Infrastructure", "src\LearningBank.Infrastructure\LearningBank.Infrastructure.csproj", "{5F22925A-ADA2-418B-A07E-3C525F74F90B}"
EndProject
Project("{FAE04EC0-301F-11D3-BF4B-00C04F79EFBC}") = "LearningBank.Api", "src\LearningBank.Api\LearningBank.Api.csproj", "{7891AC24-57DE-4B41-9B08-B43C56D1CBB6}"
EndProject
Project("{FAE04EC0-301F-11D3-BF4B-00C04F79EFBC}") = "LearningBank.Domain.Tests", "tests\LearningBank.Domain.Tests\LearningBank.Domain.Tests.csproj", "{BCE7FEEF-EB1C-4EBA-8387-932A3C9524CD}"
EndProject
Project("{FAE04EC0-301F-11D3-BF4B-00C04F79EFBC}") = "LearningBank.Api.Tests", "tests\LearningBank.Api.Tests\LearningBank.Api.Tests.csproj", "{502CCCEC-370E-43BA-A9F2-BFDB7A43880A}"
EndProject
Global
	GlobalSection(SolutionConfigurationPlatforms) = preSolution
		Debug|Any CPU = Debug|Any CPU
		Debug|x64 = Debug|x64
		Debug|x86 = Debug|x86
		Release|Any CPU = Release|Any CPU
		Release|x64 = Release|x64
		Release|x86 = Release|x86
	EndGlobalSection
	GlobalSection(ProjectConfigurationPlatforms) = postSolution
		{7BDC2AB0-0A1F-4A64-8CCA-90E05F774757}.Debug|Any CPU.ActiveCfg = Debug|Any CPU
		{7BDC2AB0-0A1F-4A64-8CCA-90E05F774757}.Debug|Any CPU.Build.0 = Debug|Any CPU
		{7BDC2AB0-0A1F-4A64-8CCA-90E05F774757}.Debug|x64.ActiveCfg = Debug|Any CPU
		{7BDC2AB0-0A1F-4A64-8CCA-90E05F774757}.Debug|x64.Build.0 = Debug|Any CPU
		{7BDC2AB0-0A1F-4A64-8CCA-90E05F774757}.Debug|x86.ActiveCfg = Debug|Any CPU
		{7BDC2AB0-0A1F-4A64-8CCA-90E05F774757}.Debug|x86.Build.0 = Debug|Any CPU
		{7BDC2AB0-0A1F-4A64-8CCA-90E05F774757}.Release|Any CPU.ActiveCfg = Release|Any CPU
		{7BDC2AB0-0A1F-4A64-8CCA-90E05F774757}.Release|Any CPU.Build.0 = Release|Any CPU
		{7BDC2AB0-0A1F-4A64-8CCA-90E05F774757}.Release|x64.ActiveCfg = Release|Any CPU
		{7BDC2AB0-0A1F-4A64-8CCA-90E05F774757}.Release|x64.Build.0 = Release|Any CPU
		{7BDC2AB0-0A1F-4A64-8CCA-90E05F774757}.Release|x86.ActiveCfg = Release|Any CPU
		{7BDC2AB0-0A1F-4A64-8CCA-90E05F774757}.Release|x86.Build.0 = Release|Any CPU
		{5F22925A-ADA2-418B-A07E-3C525F74F90B}.Debug|Any CPU.ActiveCfg = Debug|Any CPU
		{5F22925A-ADA2-418B-A07E-3C525F74F90B}.Debug|Any CPU.Build.0 = Debug|Any CPU
		{5F22925A-ADA2-418B-A07E-3C525F74F90B}.Debug|x64.ActiveCfg = Debug|Any CPU
		{5F22925A-ADA2-418B-A07E-3C525F74F90B}.Debug|x64.Build.0 = Debug|Any CPU
		{5F22925A-ADA2-418B-A07E-3C525F74F90B}.Debug|x86.ActiveCfg = Debug|Any CPU
		{5F22925A-ADA2-418B-A07E-3C525F74F90B}.Debug|x86.Build.0 = Debug|Any CPU
		{5F22925A-ADA2-418B-A07E-3C525F74F90B}.Release|Any CPU.ActiveCfg = Release|Any CPU
		{5F22925A-ADA2-418B-A07E-3C525F74F90B}.Release|Any CPU.Build.0 = Release|Any CPU
		{5F22925A-ADA2-418B-A07E-3C525F74F90B}.Release|x64.ActiveCfg = Release|Any CPU
		{5F22925A-ADA2-418B-A07E-3C525F74F90B}.Release|x64.Build.0 = Release|Any CPU
		{5F22925A-ADA2-418B-A07E-3C525F74F90B}.Release|x86.ActiveCfg = Release|Any CPU
		{5F22925A-ADA2-418B-A07E-3C525F74F90B}.Release|x86.Build.0 = Release|Any CPU
		{7891AC24-57DE-4B41-9B08-B43C56D1CBB6}.Debug|Any CPU.ActiveCfg = Debug|Any CPU
		{7891AC24-57DE-4B41-9B08-B43C56D1CBB6}.Debug|Any CPU.Build.0 = Debug|Any CPU
		{7891AC24-57DE-4B41-9B08-B43C56D1CBB6}.Debug|x64.ActiveCfg = Debug|Any CPU
		{7891AC24-57DE-4B41-9B08-B43C56D1CBB6}.Debug|x64.Build.0 = Debug|Any CPU
		{7891AC24-57DE-4B41-9B08-B43C56D1CBB6}.Debug|x86.ActiveCfg = Debug|Any CPU
		{7891AC24-57DE-4B41-9B08-B43C56D1CBB6}.Debug|x86.Build.0 = Debug|Any CPU
		{7891AC24-57DE-4B41-9B08-B43C56D1CBB6}.Release|Any CPU.ActiveCfg = Release|Any CPU
		{7891AC24-57DE-4B41-9B08-B43C56D1CBB6}.Release|Any CPU.Build.0 = Release|Any CPU
		{7891AC24-57DE-4B41-9B08-B43C56D1CBB6}.Release|x64.ActiveCfg = Release|Any CPU
		{7891AC24-57DE-4B41-9B08-B43C56D1CBB6}.Release|x64.Build.0 = Release|Any CPU
		{7891AC24-57DE-4B41-9B08-B43C56D1CBB6}.Release|x86.ActiveCfg = Release|Any CPU
		{7891AC24-57DE-4B41-9B08-B43C56D1CBB6}.Release|x86.Build.0 = Release|Any CPU
		{BCE7FEEF-EB1C-4EBA-8387-932A3C9524CD}.Debug|Any CPU.ActiveCfg = Debug|Any CPU
		{BCE7FEEF-EB1C-4EBA-8387-932A3C9524CD}.Debug|Any CPU.Build.0 = Debug|Any CPU
		{BCE7FEEF-EB1C-4EBA-8387-932A3C9524CD}.Debug|x64.ActiveCfg = Debug|Any CPU
		{BCE7FEEF-EB1C-4EBA-8387-932A3C9524CD}.Debug|x64.Build.0 = Debug|Any CPU
		{BCE7FEEF-EB1C-4EBA-8387-932A3C9524CD}.Debug|x86.ActiveCfg = Debug|Any CPU
		{BCE7FEEF-EB1C-4EBA-8387-932A3C9524CD}.Debug|x86.Build.0 = Debug|Any CPU
		{BCE7FEEF-EB1C-4EBA-8387-932A3C9524CD}.Release|Any CPU.ActiveCfg = Release|Any CPU
		{BCE7FEEF-EB1C-4EBA-8387-932A3C9524CD}.Release|Any CPU.Build.0 = Release|Any CPU
		{BCE7FEEF-EB1C-4EBA-8387-932A3C9524CD}.Release|x64.ActiveCfg = Release|Any CPU
		{BCE7FEEF-EB1C-4EBA-8387-932A3C9524CD}.Release|x64.Build.0 = Release|Any CPU
		{BCE7FEEF-EB1C-4EBA-8387-932A3C9524CD}.Release|x86.ActiveCfg = Release|Any CPU
		{BCE7FEEF-EB1C-4EBA-8387-932A3C9524CD}.Release|x86.Build.0 = Release|Any CPU
		{502CCCEC-370E-43BA-A9F2-BFDB7A43880A}.Debug|Any CPU.ActiveCfg = Debug|Any CPU
		{502CCCEC-370E-43BA-A9F2-BFDB7A43880A}.Debug|Any CPU.Build.0 = Debug|Any CPU
		{502CCCEC-370E-43BA-A9F2-BFDB7A43880A}.Debug|x64.ActiveCfg = Debug|Any CPU
		{502CCCEC-370E-43BA-A9F2-BFDB7A43880A}.Debug|x64.Build.0 = Debug|Any CPU
		{502CCCEC-370E-43BA-A9F2-BFDB7A43880A}.Debug|x86.ActiveCfg = Debug|Any CPU
		{502CCCEC-370E-43BA-A9F2-BFDB7A43880A}.Debug|x86.Build.0 = Debug|Any CPU
		{502CCCEC-370E-43BA-A9F2-BFDB7A43880A}.Release|Any CPU.ActiveCfg = Release|Any CPU
		{502CCCEC-370E-43BA-A9F2-BFDB7A43880A}.Release|Any CPU.Build.0 = Release|Any CPU
		{502CCCEC-370E-43BA-A9F2-BFDB7A43880A}.Release|x64.ActiveCfg = Release|Any CPU
		{502CCCEC-370E-43BA-A9F2-BFDB7A43880A}.Release|x64.Build.0 = Release|Any CPU
		{502CCCEC-370E-43BA-A9F2-BFDB7A43880A}.Release|x86.ActiveCfg = Release|Any CPU
		{502CCCEC-370E-43BA-A9F2-BFDB7A43880A}.Release|x86.Build.0 = Release|Any CPU
	EndGlobalSection
	GlobalSection(SolutionProperties) = preSolution
		HideSolutionNode = FALSE
	EndGlobalSection
	GlobalSection(NestedProjects) = preSolution
		{7BDC2AB0-0A1F-4A64-8CCA-90E05F774757} = {827E0CD3-B72D-47B6-A68D-7590B98EB39B}
		{5F22925A-ADA2-418B-A07E-3C525F74F90B} = {827E0CD3-B72D-47B6-A68D-7590B98EB39B}
		{7891AC24-57DE-4B41-9B08-B43C56D1CBB6} = {827E0CD3-B72D-47B6-A68D-7590B98EB39B}
		{BCE7FEEF-EB1C-4EBA-8387-932A3C9524CD} = {827E0CD3-B72D-47B6-A68D-7590B98EB39B}
		{502CCCEC-370E-43BA-A9F2-BFDB7A43880A} = {827E0CD3-B72D-47B6-A68D-7590B98EB39B}
	EndGlobalSection
EndGlobal
